
Microsoft Visual Studio Solution File, Format Version 11.00
# Visual Studio 2010
Project("{FAE04EC0-301F-11D3-BF4B-00C04F79EFBC}") = "KungfuSheetTool", "KungfuSheetTool\KungfuSheetTool.csproj", "{001535AF-F91B-47CC-ADA0-CDF0AD9FF966}"
EndProject
Global
	GlobalSection(SolutionConfigurationPlatforms) = preSolution
		Debug|x86 = Debug|x86
		Release|x86 = Release|x86
	EndGlobalSection
	GlobalSection(ProjectConfigurationPlatforms) = postSolution
		{001535AF-F91B-47CC-ADA0-CDF0AD9FF966}.Debug|x86.ActiveCfg = Debug|x86
		{001535AF-F91B-47CC-ADA0-CDF0AD9FF966}.Debug|x86.Build.0 = Debug|x86
		{001535AF-F91B-47CC-ADA0-CDF0AD9FF966}.Release|x86.ActiveCfg = Release|x86
		{001535AF-F91B-47CC-ADA0-CDF0AD9FF966}.Release|x86.Build.0 = Release|x86
	EndGlobalSection
	GlobalSection(SolutionProperties) = preSolution
		HideSolutionNode = FALSE
	EndGlobalSection
EndGlobal
